// !$*UTF8*$!
{
	archiveVersion = 1;
	classes = {
	};
	objectVersion = 50;
	objects = {

/* Begin PBXBuildFile section */
		481E4C462589D79200EA4BC4 /* AppDelegate.swift in Sources */ = {isa = PBXBuildFile; fileRef = 481E4C452589D79200EA4BC4 /* AppDelegate.swift */; };
		481E4C482589D79200EA4BC4 /* SceneDelegate.swift in Sources */ = {isa = PBXBuildFile; fileRef = 481E4C472589D79200EA4BC4 /* SceneDelegate.swift */; };
		481E4C4A2589D79200EA4BC4 /* IntroductionViewController.swift in Sources */ = {isa = PBXBuildFile; fileRef = 481E4C492589D79200EA4BC4 /* IntroductionViewController.swift */; };
		481E4C4F2589D79300EA4BC4 /* Assets.xcassets in Resources */ = {isa = PBXBuildFile; fileRef = 481E4C4E2589D79300EA4BC4 /* Assets.xcassets */; };
		481E4C522589D79300EA4BC4 /* LaunchScreen.storyboard in Resources */ = {isa = PBXBuildFile; fileRef = 481E4C502589D79300EA4BC4 /* LaunchScreen.storyboard */; };
		481E4C5D2589EC7700EA4BC4 /* QuestionViewController.swift in Sources */ = {isa = PBXBuildFile; fileRef = 481E4C5C2589EC7700EA4BC4 /* QuestionViewController.swift */; };
		486851F4258F1F32007069A3 /* UIView+ConstraintLayout.swift in Sources */ = {isa = PBXBuildFile; fileRef = 486851F3258F1F32007069A3 /* UIView+ConstraintLayout.swift */; };
		486851FA258F236D007069A3 /* LargeLabel.swift in Sources */ = {isa = PBXBuildFile; fileRef = 486851F9258F236D007069A3 /* LargeLabel.swift */; };
		486851FE258F25BA007069A3 /* MiddleLabel.swift in Sources */ = {isa = PBXBuildFile; fileRef = 486851FD258F25BA007069A3 /* MiddleLabel.swift */; };
		48685201258F2602007069A3 /* SmallLabel.swift in Sources */ = {isa = PBXBuildFile; fileRef = 48685200258F2602007069A3 /* SmallLabel.swift */; };
		48685205258F2BC0007069A3 /* LinkButton.swift in Sources */ = {isa = PBXBuildFile; fileRef = 48685204258F2BC0007069A3 /* LinkButton.swift */; };
		48685208258F499F007069A3 /* UIEdgeInsetsnilAcceptable.swift in Sources */ = {isa = PBXBuildFile; fileRef = 48685207258F499F007069A3 /* UIEdgeInsetsnilAcceptable.swift */; };
		4868520D258F5AD4007069A3 /* CustomUILabel.swift in Sources */ = {isa = PBXBuildFile; fileRef = 4868520C258F5AD4007069A3 /* CustomUILabel.swift */; };
		4868521425901134007069A3 /* VerticalStackView.swift in Sources */ = {isa = PBXBuildFile; fileRef = 4868521225901134007069A3 /* VerticalStackView.swift */; };
		4868521525901134007069A3 /* HorizontalStackView.swift in Sources */ = {isa = PBXBuildFile; fileRef = 4868521325901134007069A3 /* HorizontalStackView.swift */; };
		486852182590135B007069A3 /* singleAnswerView.swift in Sources */ = {isa = PBXBuildFile; fileRef = 486852172590135B007069A3 /* singleAnswerView.swift */; };
		4868521E2590141A007069A3 /* MultiAnswerView.swift in Sources */ = {isa = PBXBuildFile; fileRef = 4868521D2590141A007069A3 /* MultiAnswerView.swift */; };
		4868522125901428007069A3 /* RangedAnswerView.swift in Sources */ = {isa = PBXBuildFile; fileRef = 4868522025901428007069A3 /* RangedAnswerView.swift */; };
		488145DC258AD876003BDA02 /*  Question.swift in Sources */ = {isa = PBXBuildFile; fileRef = 488145DB258AD876003BDA02 /*  Question.swift */; };
		48BC01B5258EF15D005C213D /* IntroductionView.swift in Sources */ = {isa = PBXBuildFile; fileRef = 48BC01B4258EF15D005C213D /* IntroductionView.swift */; };
		48D2DD2E258B295D002AA045 /* ResultViewController.swift in Sources */ = {isa = PBXBuildFile; fileRef = 48D2DD2D258B295D002AA045 /* ResultViewController.swift */; };
/* End PBXBuildFile section */

/* Begin PBXFileReference section */
		481E4C422589D79200EA4BC4 /* WhichAnimalAreYou.app */ = {isa = PBXFileReference; explicitFileType = wrapper.application; includeInIndex = 0; path = WhichAnimalAreYou.app; sourceTree = BUILT_PRODUCTS_DIR; };
		481E4C452589D79200EA4BC4 /* AppDelegate.swift */ = {isa = PBXFileReference; lastKnownFileType = sourcecode.swift; path = AppDelegate.swift; sourceTree = "<group>"; };
		481E4C472589D79200EA4BC4 /* SceneDelegate.swift */ = {isa = PBXFileReference; lastKnownFileType = sourcecode.swift; path = SceneDelegate.swift; sourceTree = "<group>"; };
		481E4C492589D79200EA4BC4 /* IntroductionViewController.swift */ = {isa = PBXFileReference; lastKnownFileType = sourcecode.swift; path = IntroductionViewController.swift; sourceTree = "<group>"; };
		481E4C4E2589D79300EA4BC4 /* Assets.xcassets */ = {isa = PBXFileReference; lastKnownFileType = folder.assetcatalog; path = Assets.xcassets; sourceTree = "<group>"; };
		481E4C512589D79300EA4BC4 /* Base */ = {isa = PBXFileReference; lastKnownFileType = file.storyboard; name = Base; path = Base.lproj/LaunchScreen.storyboard; sourceTree = "<group>"; };
		481E4C532589D79300EA4BC4 /* Info.plist */ = {isa = PBXFileReference; lastKnownFileType = text.plist.xml; path = Info.plist; sourceTree = "<group>"; };
		481E4C5C2589EC7700EA4BC4 /* QuestionViewController.swift */ = {isa = PBXFileReference; lastKnownFileType = sourcecode.swift; path = QuestionViewController.swift; sourceTree = "<group>"; };
		486851F3258F1F32007069A3 /* UIView+ConstraintLayout.swift */ = {isa = PBXFileReference; lastKnownFileType = sourcecode.swift; path = "UIView+ConstraintLayout.swift"; sourceTree = "<group>"; };
		486851F9258F236D007069A3 /* LargeLabel.swift */ = {isa = PBXFileReference; lastKnownFileType = sourcecode.swift; path = LargeLabel.swift; sourceTree = "<group>"; };
		486851FD258F25BA007069A3 /* MiddleLabel.swift */ = {isa = PBXFileReference; lastKnownFileType = sourcecode.swift; path = MiddleLabel.swift; sourceTree = "<group>"; };
		48685200258F2602007069A3 /* SmallLabel.swift */ = {isa = PBXFileReference; lastKnownFileType = sourcecode.swift; path = SmallLabel.swift; sourceTree = "<group>"; };
		48685204258F2BC0007069A3 /* LinkButton.swift */ = {isa = PBXFileReference; lastKnownFileType = sourcecode.swift; path = LinkButton.swift; sourceTree = "<group>"; };
		48685207258F499F007069A3 /* UIEdgeInsetsnilAcceptable.swift */ = {isa = PBXFileReference; lastKnownFileType = sourcecode.swift; path = UIEdgeInsetsnilAcceptable.swift; sourceTree = "<group>"; };
		4868520C258F5AD4007069A3 /* CustomUILabel.swift */ = {isa = PBXFileReference; lastKnownFileType = sourcecode.swift; path = CustomUILabel.swift; sourceTree = "<group>"; };
		4868521225901134007069A3 /* VerticalStackView.swift */ = {isa = PBXFileReference; fileEncoding = 4; lastKnownFileType = sourcecode.swift; path = VerticalStackView.swift; sourceTree = "<group>"; };
		4868521325901134007069A3 /* HorizontalStackView.swift */ = {isa = PBXFileReference; fileEncoding = 4; lastKnownFileType = sourcecode.swift; path = HorizontalStackView.swift; sourceTree = "<group>"; };
		486852172590135B007069A3 /* singleAnswerView.swift */ = {isa = PBXFileReference; lastKnownFileType = sourcecode.swift; path = singleAnswerView.swift; sourceTree = "<group>"; };
		4868521D2590141A007069A3 /* MultiAnswerView.swift */ = {isa = PBXFileReference; lastKnownFileType = sourcecode.swift; path = MultiAnswerView.swift; sourceTree = "<group>"; };
		4868522025901428007069A3 /* RangedAnswerView.swift */ = {isa = PBXFileReference; lastKnownFileType = sourcecode.swift; path = RangedAnswerView.swift; sourceTree = "<group>"; };
		488145DB258AD876003BDA02 /*  Question.swift */ = {isa = PBXFileReference; lastKnownFileType = sourcecode.swift; path = " Question.swift"; sourceTree = "<group>"; };
		48BC01B4258EF15D005C213D /* IntroductionView.swift */ = {isa = PBXFileReference; lastKnownFileType = sourcecode.swift; path = IntroductionView.swift; sourceTree = "<group>"; };
		48D2DD2D258B295D002AA045 /* ResultViewController.swift */ = {isa = PBXFileReference; lastKnownFileType = sourcecode.swift; path = ResultViewController.swift; sourceTree = "<group>"; };
/* End PBXFileReference section */

/* Begin PBXFrameworksBuildPhase section */
		481E4C3F2589D79200EA4BC4 /* Frameworks */ = {
			isa = PBXFrameworksBuildPhase;
			buildActionMask = 2147483647;
			files = (
			);
			runOnlyForDeploymentPostprocessing = 0;
		};
/* End PBXFrameworksBuildPhase section */

/* Begin PBXGroup section */
		481E4C392589D79200EA4BC4 = {
			isa = PBXGroup;
			children = (
				481E4C442589D79200EA4BC4 /* WhichAnimalAreYou */,
				481E4C432589D79200EA4BC4 /* Products */,
			);
			sourceTree = "<group>";
		};
		481E4C432589D79200EA4BC4 /* Products */ = {
			isa = PBXGroup;
			children = (
				481E4C422589D79200EA4BC4 /* WhichAnimalAreYou.app */,
			);
			name = Products;
			sourceTree = "<group>";
		};
		481E4C442589D79200EA4BC4 /* WhichAnimalAreYou */ = {
			isa = PBXGroup;
			children = (
				481E4C532589D79300EA4BC4 /* Info.plist */,
				4868521A2590136A007069A3 /* Supporting files */,
				486851EE258F1C13007069A3 /* Utils */,
				488145DA258AD85F003BDA02 /* Model */,
				48BC01B3258EF0FE005C213D /* View */,
				488145D9258AD84D003BDA02 /* Controller */,
			);
			path = WhichAnimalAreYou;
			sourceTree = "<group>";
		};
		486851EE258F1C13007069A3 /* Utils */ = {
			isa = PBXGroup;
			children = (
				4868521025900FE8007069A3 /* Extensions */,
				4868521125900FF6007069A3 /* Subclasses */,
			);
			path = Utils;
			sourceTree = "<group>";
		};
		486851F6258F230E007069A3 /* SingleView */ = {
			isa = PBXGroup;
			children = (
				48BC01B4258EF15D005C213D /* IntroductionView.swift */,
				486852172590135B007069A3 /* singleAnswerView.swift */,
				4868521D2590141A007069A3 /* MultiAnswerView.swift */,
				4868522025901428007069A3 /* RangedAnswerView.swift */,
			);
			path = SingleView;
			sourceTree = "<group>";
		};
		486851F7258F231F007069A3 /* Components */ = {
			isa = PBXGroup;
			children = (
				486851F9258F236D007069A3 /* LargeLabel.swift */,
				486851FD258F25BA007069A3 /* MiddleLabel.swift */,
				48685200258F2602007069A3 /* SmallLabel.swift */,
				48685204258F2BC0007069A3 /* LinkButton.swift */,
			);
			path = Components;
			sourceTree = "<group>";
		};
		4868521025900FE8007069A3 /* Extensions */ = {
			isa = PBXGroup;
			children = (
				486851F3258F1F32007069A3 /* UIView+ConstraintLayout.swift */,
				48685207258F499F007069A3 /* UIEdgeInsetsnilAcceptable.swift */,
			);
			path = Extensions;
			sourceTree = "<group>";
		};
		4868521125900FF6007069A3 /* Subclasses */ = {
			isa = PBXGroup;
			children = (
				4868521325901134007069A3 /* HorizontalStackView.swift */,
				4868521225901134007069A3 /* VerticalStackView.swift */,
				4868520C258F5AD4007069A3 /* CustomUILabel.swift */,
			);
			path = Subclasses;
			sourceTree = "<group>";
		};
		4868521A2590136A007069A3 /* Supporting files */ = {
			isa = PBXGroup;
			children = (
				481E4C452589D79200EA4BC4 /* AppDelegate.swift */,
				481E4C472589D79200EA4BC4 /* SceneDelegate.swift */,
				481E4C4E2589D79300EA4BC4 /* Assets.xcassets */,
				481E4C502589D79300EA4BC4 /* LaunchScreen.storyboard */,
			);
			path = "Supporting files";
			sourceTree = "<group>";
		};
		488145D9258AD84D003BDA02 /* Controller */ = {
			isa = PBXGroup;
			children = (
				481E4C492589D79200EA4BC4 /* IntroductionViewController.swift */,
				481E4C5C2589EC7700EA4BC4 /* QuestionViewController.swift */,
				48D2DD2D258B295D002AA045 /* ResultViewController.swift */,
			);
			path = Controller;
			sourceTree = "<group>";
		};
		488145DA258AD85F003BDA02 /* Model */ = {
			isa = PBXGroup;
			children = (
				488145DB258AD876003BDA02 /*  Question.swift */,
			);
			path = Model;
			sourceTree = "<group>";
		};
		48BC01B3258EF0FE005C213D /* View */ = {
			isa = PBXGroup;
			children = (
				486851F7258F231F007069A3 /* Components */,
				486851F6258F230E007069A3 /* SingleView */,
			);
			name = View;
			path = Controller;
			sourceTree = "<group>";
		};
/* End PBXGroup section */

/* Begin PBXNativeTarget section */
		481E4C412589D79200EA4BC4 /* WhichAnimalAreYou */ = {
			isa = PBXNativeTarget;
			buildConfigurationList = 481E4C562589D79300EA4BC4 /* Build configuration list for PBXNativeTarget "WhichAnimalAreYou" */;
			buildPhases = (
				481E4C3E2589D79200EA4BC4 /* Sources */,
				481E4C3F2589D79200EA4BC4 /* Frameworks */,
				481E4C402589D79200EA4BC4 /* Resources */,
			);
			buildRules = (
			);
			dependencies = (
			);
			name = WhichAnimalAreYou;
			productName = WhichAnimalAreYou;
			productReference = 481E4C422589D79200EA4BC4 /* WhichAnimalAreYou.app */;
			productType = "com.apple.product-type.application";
		};
/* End PBXNativeTarget section */

/* Begin PBXProject section */
		481E4C3A2589D79200EA4BC4 /* Project object */ = {
			isa = PBXProject;
			attributes = {
				LastSwiftUpdateCheck = 1220;
				LastUpgradeCheck = 1220;
				TargetAttributes = {
					481E4C412589D79200EA4BC4 = {
						CreatedOnToolsVersion = 12.2;
					};
				};
			};
			buildConfigurationList = 481E4C3D2589D79200EA4BC4 /* Build configuration list for PBXProject "WhichAnimalAreYou" */;
			compatibilityVersion = "Xcode 9.3";
			developmentRegion = en;
			hasScannedForEncodings = 0;
			knownRegions = (
				en,
				Base,
			);
			mainGroup = 481E4C392589D79200EA4BC4;
			productRefGroup = 481E4C432589D79200EA4BC4 /* Products */;
			projectDirPath = "";
			projectRoot = "";
			targets = (
				481E4C412589D79200EA4BC4 /* WhichAnimalAreYou */,
			);
		};
/* End PBXProject section */

/* Begin PBXResourcesBuildPhase section */
		481E4C402589D79200EA4BC4 /* Resources */ = {
			isa = PBXResourcesBuildPhase;
			buildActionMask = 2147483647;
			files = (
				481E4C522589D79300EA4BC4 /* LaunchScreen.storyboard in Resources */,
				481E4C4F2589D79300EA4BC4 /* Assets.xcassets in Resources */,
			);
			runOnlyForDeploymentPostprocessing = 0;
		};
/* End PBXResourcesBuildPhase section */

/* Begin PBXSourcesBuildPhase section */
		481E4C3E2589D79200EA4BC4 /* Sources */ = {
			isa = PBXSourcesBuildPhase;
			buildActionMask = 2147483647;
			files = (
				481E4C4A2589D79200EA4BC4 /* IntroductionViewController.swift in Sources */,
				48685205258F2BC0007069A3 /* LinkButton.swift in Sources */,
				486851FA258F236D007069A3 /* LargeLabel.swift in Sources */,
				4868522125901428007069A3 /* RangedAnswerView.swift in Sources */,
				481E4C462589D79200EA4BC4 /* AppDelegate.swift in Sources */,
				4868521425901134007069A3 /* VerticalStackView.swift in Sources */,
				48BC01B5258EF15D005C213D /* IntroductionView.swift in Sources */,
				48685201258F2602007069A3 /* SmallLabel.swift in Sources */,
				486852182590135B007069A3 /* singleAnswerView.swift in Sources */,
				486851FE258F25BA007069A3 /* MiddleLabel.swift in Sources */,
				4868520D258F5AD4007069A3 /* CustomUILabel.swift in Sources */,
				4868521E2590141A007069A3 /* MultiAnswerView.swift in Sources */,
				481E4C5D2589EC7700EA4BC4 /* QuestionViewController.swift in Sources */,
				481E4C482589D79200EA4BC4 /* SceneDelegate.swift in Sources */,
				48685208258F499F007069A3 /* UIEdgeInsetsnilAcceptable.swift in Sources */,
				488145DC258AD876003BDA02 /*  Question.swift in Sources */,
				486851F4258F1F32007069A3 /* UIView+ConstraintLayout.swift in Sources */,
				48D2DD2E258B295D002AA045 /* ResultViewController.swift in Sources */,
				4868521525901134007069A3 /* HorizontalStackView.swift in Sources */,
			);
			runOnlyForDeploymentPostprocessing = 0;
		};
/* End PBXSourcesBuildPhase section */

/* Begin PBXVariantGroup section */
		481E4C502589D79300EA4BC4 /* LaunchScreen.storyboard */ = {
			isa = PBXVariantGroup;
			children = (
				481E4C512589D79300EA4BC4 /* Base */,
			);
			name = LaunchScreen.storyboard;
			sourceTree = "<group>";
		};
/* End PBXVariantGroup section */

/* Begin XCBuildConfiguration section */
		481E4C542589D79300EA4BC4 /* Debug */ = {
			isa = XCBuildConfiguration;
			buildSettings = {
				ALWAYS_SEARCH_USER_PATHS = NO;
				CLANG_ANALYZER_NONNULL = YES;
				CLANG_ANALYZER_NUMBER_OBJECT_CONVERSION = YES_AGGRESSIVE;
				CLANG_CXX_LANGUAGE_STANDARD = "gnu++14";
				CLANG_CXX_LIBRARY = "libc++";
				CLANG_ENABLE_MODULES = YES;
				CLANG_ENABLE_OBJC_ARC = YES;
				CLANG_ENABLE_OBJC_WEAK = YES;
				CLANG_WARN_BLOCK_CAPTURE_AUTORELEASING = YES;
				CLANG_WARN_BOOL_CONVERSION = YES;
				CLANG_WARN_COMMA = YES;
				CLANG_WARN_CONSTANT_CONVERSION = YES;
				CLANG_WARN_DEPRECATED_OBJC_IMPLEMENTATIONS = YES;
				CLANG_WARN_DIRECT_OBJC_ISA_USAGE = YES_ERROR;
				CLANG_WARN_DOCUMENTATION_COMMENTS = YES;
				CLANG_WARN_EMPTY_BODY = YES;
				CLANG_WARN_ENUM_CONVERSION = YES;
				CLANG_WARN_INFINITE_RECURSION = YES;
				CLANG_WARN_INT_CONVERSION = YES;
				CLANG_WARN_NON_LITERAL_NULL_CONVERSION = YES;
				CLANG_WARN_OBJC_IMPLICIT_RETAIN_SELF = YES;
				CLANG_WARN_OBJC_LITERAL_CONVERSION = YES;
				CLANG_WARN_OBJC_ROOT_CLASS = YES_ERROR;
				CLANG_WARN_QUOTED_INCLUDE_IN_FRAMEWORK_HEADER = YES;
				CLANG_WARN_RANGE_LOOP_ANALYSIS = YES;
				CLANG_WARN_STRICT_PROTOTYPES = YES;
				CLANG_WARN_SUSPICIOUS_MOVE = YES;
				CLANG_WARN_UNGUARDED_AVAILABILITY = YES_AGGRESSIVE;
				CLANG_WARN_UNREACHABLE_CODE = YES;
				CLANG_WARN__DUPLICATE_METHOD_MATCH = YES;
				COPY_PHASE_STRIP = NO;
				DEBUG_INFORMATION_FORMAT = dwarf;
				ENABLE_STRICT_OBJC_MSGSEND = YES;
				ENABLE_TESTABILITY = YES;
				GCC_C_LANGUAGE_STANDARD = gnu11;
				GCC_DYNAMIC_NO_PIC = NO;
				GCC_NO_COMMON_BLOCKS = YES;
				GCC_OPTIMIZATION_LEVEL = 0;
				GCC_PREPROCESSOR_DEFINITIONS = (
					"DEBUG=1",
					"$(inherited)",
				);
				GCC_WARN_64_TO_32_BIT_CONVERSION = YES;
				GCC_WARN_ABOUT_RETURN_TYPE = YES_ERROR;
				GCC_WARN_UNDECLARED_SELECTOR = YES;
				GCC_WARN_UNINITIALIZED_AUTOS = YES_AGGRESSIVE;
				GCC_WARN_UNUSED_FUNCTION = YES;
				GCC_WARN_UNUSED_VARIABLE = YES;
				IPHONEOS_DEPLOYMENT_TARGET = 14.2;
				MTL_ENABLE_DEBUG_INFO = INCLUDE_SOURCE;
				MTL_FAST_MATH = YES;
				ONLY_ACTIVE_ARCH = YES;
				SDKROOT = iphoneos;
				SWIFT_ACTIVE_COMPILATION_CONDITIONS = DEBUG;
				SWIFT_OPTIMIZATION_LEVEL = "-Onone";
			};
			name = Debug;
		};
		481E4C552589D79300EA4BC4 /* Release */ = {
			isa = XCBuildConfiguration;
			buildSettings = {
				ALWAYS_SEARCH_USER_PATHS = NO;
				CLANG_ANALYZER_NONNULL = YES;
				CLANG_ANALYZER_NUMBER_OBJECT_CONVERSION = YES_AGGRESSIVE;
				CLANG_CXX_LANGUAGE_STANDARD = "gnu++14";
				CLANG_CXX_LIBRARY = "libc++";
				CLANG_ENABLE_MODULES = YES;
				CLANG_ENABLE_OBJC_ARC = YES;
				CLANG_ENABLE_OBJC_WEAK = YES;
				CLANG_WARN_BLOCK_CAPTURE_AUTORELEASING = YES;
				CLANG_WARN_BOOL_CONVERSION = YES;
				CLANG_WARN_COMMA = YES;
				CLANG_WARN_CONSTANT_CONVERSION = YES;
				CLANG_WARN_DEPRECATED_OBJC_IMPLEMENTATIONS = YES;
				CLANG_WARN_DIRECT_OBJC_ISA_USAGE = YES_ERROR;
				CLANG_WARN_DOCUMENTATION_COMMENTS = YES;
				CLANG_WARN_EMPTY_BODY = YES;
				CLANG_WARN_ENUM_CONVERSION = YES;
				CLANG_WARN_INFINITE_RECURSION = YES;
				CLANG_WARN_INT_CONVERSION = YES;
				CLANG_WARN_NON_LITERAL_NULL_CONVERSION = YES;
				CLANG_WARN_OBJC_IMPLICIT_RETAIN_SELF = YES;
				CLANG_WARN_OBJC_LITERAL_CONVERSION = YES;
				CLANG_WARN_OBJC_ROOT_CLASS = YES_ERROR;
				CLANG_WARN_QUOTED_INCLUDE_IN_FRAMEWORK_HEADER = YES;
				CLANG_WARN_RANGE_LOOP_ANALYSIS = YES;
				CLANG_WARN_STRICT_PROTOTYPES = YES;
				CLANG_WARN_SUSPICIOUS_MOVE = YES;
				CLANG_WARN_UNGUARDED_AVAILABILITY = YES_AGGRESSIVE;
				CLANG_WARN_UNREACHABLE_CODE = YES;
				CLANG_WARN__DUPLICATE_METHOD_MATCH = YES;
				COPY_PHASE_STRIP = NO;
				DEBUG_INFORMATION_FORMAT = "dwarf-with-dsym";
				ENABLE_NS_ASSERTIONS = NO;
				ENABLE_STRICT_OBJC_MSGSEND = YES;
				GCC_C_LANGUAGE_STANDARD = gnu11;
				GCC_NO_COMMON_BLOCKS = YES;
				GCC_WARN_64_TO_32_BIT_CONVERSION = YES;
				GCC_WARN_ABOUT_RETURN_TYPE = YES_ERROR;
				GCC_WARN_UNDECLARED_SELECTOR = YES;
				GCC_WARN_UNINITIALIZED_AUTOS = YES_AGGRESSIVE;
				GCC_WARN_UNUSED_FUNCTION = YES;
				GCC_WARN_UNUSED_VARIABLE = YES;
				IPHONEOS_DEPLOYMENT_TARGET = 14.2;
				MTL_ENABLE_DEBUG_INFO = NO;
				MTL_FAST_MATH = YES;
				SDKROOT = iphoneos;
				SWIFT_COMPILATION_MODE = wholemodule;
				SWIFT_OPTIMIZATION_LEVEL = "-O";
				VALIDATE_PRODUCT = YES;
			};
			name = Release;
		};
		481E4C572589D79300EA4BC4 /* Debug */ = {
			isa = XCBuildConfiguration;
			buildSettings = {
				ASSETCATALOG_COMPILER_APPICON_NAME = AppIcon;
				ASSETCATALOG_COMPILER_GLOBAL_ACCENT_COLOR_NAME = AccentColor;
				CODE_SIGN_STYLE = Automatic;
				DEVELOPMENT_TEAM = 2PTMH7A8WP;
				INFOPLIST_FILE = WhichAnimalAreYou/Info.plist;
				LD_RUNPATH_SEARCH_PATHS = (
					"$(inherited)",
					"@executable_path/Frameworks",
				);
				PRODUCT_BUNDLE_IDENTIFIER = com.TakayukiYamaguchi.WhichAnimalAreYou;
				PRODUCT_NAME = "$(TARGET_NAME)";
				SWIFT_VERSION = 5.0;
				TARGETED_DEVICE_FAMILY = "1,2";
			};
			name = Debug;
		};
		481E4C582589D79300EA4BC4 /* Release */ = {
			isa = XCBuildConfiguration;
			buildSettings = {
				ASSETCATALOG_COMPILER_APPICON_NAME = AppIcon;
				ASSETCATALOG_COMPILER_GLOBAL_ACCENT_COLOR_NAME = AccentColor;
				CODE_SIGN_STYLE = Automatic;
				DEVELOPMENT_TEAM = 2PTMH7A8WP;
				INFOPLIST_FILE = WhichAnimalAreYou/Info.plist;
				LD_RUNPATH_SEARCH_PATHS = (
					"$(inherited)",
					"@executable_path/Frameworks",
				);
				PRODUCT_BUNDLE_IDENTIFIER = com.TakayukiYamaguchi.WhichAnimalAreYou;
				PRODUCT_NAME = "$(TARGET_NAME)";
				SWIFT_VERSION = 5.0;
				TARGETED_DEVICE_FAMILY = "1,2";
			};
			name = Release;
		};
/* End XCBuildConfiguration section */

/* Begin XCConfigurationList section */
		481E4C3D2589D79200EA4BC4 /* Build configuration list for PBXProject "WhichAnimalAreYou" */ = {
			isa = XCConfigurationList;
			buildConfigurations = (
				481E4C542589D79300EA4BC4 /* Debug */,
				481E4C552589D79300EA4BC4 /* Release */,
			);
			defaultConfigurationIsVisible = 0;
			defaultConfigurationName = Release;
		};
		481E4C562589D79300EA4BC4 /* Build configuration list for PBXNativeTarget "WhichAnimalAreYou" */ = {
			isa = XCConfigurationList;
			buildConfigurations = (
				481E4C572589D79300EA4BC4 /* Debug */,
				481E4C582589D79300EA4BC4 /* Release */,
			);
			defaultConfigurationIsVisible = 0;
			defaultConfigurationName = Release;
		};
/* End XCConfigurationList section */
	};
	rootObject = 481E4C3A2589D79200EA4BC4 /* Project object */;
}
